
Microsoft Visual Studio Solution File, Format Version 12.00
# Visual Studio Version 17
VisualStudioVersion = 17.4.33213.308
MinimumVisualStudioVersion = 10.0.40219.1
Project("{9A19103F-16F7-4668-BE54-9A1E7A4F7556}") = "ShortLinks", "ShortLinks.csproj", "{03D3E360-7ED4-44D3-97B9-A7AA41F5403E}"
EndProject
Global
	GlobalSection(SolutionConfigurationPlatforms) = preSolution
		Debug|Any CPU = Debug|Any CPU
		Release|Any CPU = Release|Any CPU
	EndGlobalSection
	GlobalSection(ProjectConfigurationPlatforms) = postSolution
		{03D3E360-7ED4-44D3-97B9-A7AA41F5403E}.Debug|Any CPU.ActiveCfg = Debug|Any CPU
		{03D3E360-7ED4-44D3-97B9-A7AA41F5403E}.Debug|Any CPU.Build.0 = Debug|Any CPU
		{03D3E360-7ED4-44D3-97B9-A7AA41F5403E}.Release|Any CPU.ActiveCfg = Release|Any CPU
		{03D3E360-7ED4-44D3-97B9-A7AA41F5403E}.Release|Any CPU.Build.0 = Release|Any CPU
	EndGlobalSection
	GlobalSection(SolutionProperties) = preSolution
		HideSolutionNode = FALSE
	EndGlobalSection
	GlobalSection(ExtensibilityGlobals) = postSolution
		SolutionGuid = {227D2B46-F206-4304-A1E7-69413F3610A1}
	EndGlobalSection
EndGlobal
